// !$*UTF8*$!
{
	archiveVersion = 1;
	classes = {
	};
	objectVersion = 50;
	objects = {

/* Begin PBXBuildFile section */
		363DF96E2684E6B800C92E4B /* AppDelegate.swift in Sources */ = {isa = PBXBuildFile; fileRef = 363DF96D2684E6B800C92E4B /* AppDelegate.swift */; };
		363DF9702684E6B800C92E4B /* SceneDelegate.swift in Sources */ = {isa = PBXBuildFile; fileRef = 363DF96F2684E6B800C92E4B /* SceneDelegate.swift */; };
		363DF9722684E6B800C92E4B /* ViewController.swift in Sources */ = {isa = PBXBuildFile; fileRef = 363DF9712684E6B800C92E4B /* ViewController.swift */; };
		363DF9752684E6B800C92E4B /* Main.storyboard in Resources */ = {isa = PBXBuildFile; fileRef = 363DF9732684E6B800C92E4B /* Main.storyboard */; };
		363DF9782684E6B800C92E4B /* GoCompost.xcdatamodeld in Sources */ = {isa = PBXBuildFile; fileRef = 363DF9762684E6B800C92E4B /* GoCompost.xcdatamodeld */; };
		363DF97A2684E6B900C92E4B /* Assets.xcassets in Resources */ = {isa = PBXBuildFile; fileRef = 363DF9792684E6B900C92E4B /* Assets.xcassets */; };
		363DF97D2684E6B900C92E4B /* LaunchScreen.storyboard in Resources */ = {isa = PBXBuildFile; fileRef = 363DF97B2684E6B900C92E4B /* LaunchScreen.storyboard */; };
		363DF9882684E6BA00C92E4B /* GoCompostTests.swift in Sources */ = {isa = PBXBuildFile; fileRef = 363DF9872684E6BA00C92E4B /* GoCompostTests.swift */; };
		363DF9932684E6BA00C92E4B /* GoCompostUITests.swift in Sources */ = {isa = PBXBuildFile; fileRef = 363DF9922684E6BA00C92E4B /* GoCompostUITests.swift */; };
/* End PBXBuildFile section */

/* Begin PBXContainerItemProxy section */
		363DF9842684E6BA00C92E4B /* PBXContainerItemProxy */ = {
			isa = PBXContainerItemProxy;
			containerPortal = 363DF9622684E6B800C92E4B /* Project object */;
			proxyType = 1;
			remoteGlobalIDString = 363DF9692684E6B800C92E4B;
			remoteInfo = GoCompost;
		};
		363DF98F2684E6BA00C92E4B /* PBXContainerItemProxy */ = {
			isa = PBXContainerItemProxy;
			containerPortal = 363DF9622684E6B800C92E4B /* Project object */;
			proxyType = 1;
			remoteGlobalIDString = 363DF9692684E6B800C92E4B;
			remoteInfo = GoCompost;
		};
/* End PBXContainerItemProxy section */

/* Begin PBXFileReference section */
		363DF96A2684E6B800C92E4B /* GoCompost.app */ = {isa = PBXFileReference; explicitFileType = wrapper.application; includeInIndex = 0; path = GoCompost.app; sourceTree = BUILT_PRODUCTS_DIR; };
		363DF96D2684E6B800C92E4B /* AppDelegate.swift */ = {isa = PBXFileReference; lastKnownFileType = sourcecode.swift; path = AppDelegate.swift; sourceTree = "<group>"; };
		363DF96F2684E6B800C92E4B /* SceneDelegate.swift */ = {isa = PBXFileReference; lastKnownFileType = sourcecode.swift; path = SceneDelegate.swift; sourceTree = "<group>"; };
		363DF9712684E6B800C92E4B /* ViewController.swift */ = {isa = PBXFileReference; lastKnownFileType = sourcecode.swift; path = ViewController.swift; sourceTree = "<group>"; };
		363DF9742684E6B800C92E4B /* Base */ = {isa = PBXFileReference; lastKnownFileType = file.storyboard; name = Base; path = Base.lproj/Main.storyboard; sourceTree = "<group>"; };
		363DF9772684E6B800C92E4B /* GoCompost.xcdatamodel */ = {isa = PBXFileReference; lastKnownFileType = wrapper.xcdatamodel; path = GoCompost.xcdatamodel; sourceTree = "<group>"; };
		363DF9792684E6B900C92E4B /* Assets.xcassets */ = {isa = PBXFileReference; lastKnownFileType = folder.assetcatalog; path = Assets.xcassets; sourceTree = "<group>"; };
		363DF97C2684E6B900C92E4B /* Base */ = {isa = PBXFileReference; lastKnownFileType = file.storyboard; name = Base; path = Base.lproj/LaunchScreen.storyboard; sourceTree = "<group>"; };
		363DF97E2684E6B900C92E4B /* Info.plist */ = {isa = PBXFileReference; lastKnownFileType = text.plist.xml; path = Info.plist; sourceTree = "<group>"; };
		363DF9832684E6BA00C92E4B /* GoCompostTests.xctest */ = {isa = PBXFileReference; explicitFileType = wrapper.cfbundle; includeInIndex = 0; path = GoCompostTests.xctest; sourceTree = BUILT_PRODUCTS_DIR; };
		363DF9872684E6BA00C92E4B /* GoCompostTests.swift */ = {isa = PBXFileReference; lastKnownFileType = sourcecode.swift; path = GoCompostTests.swift; sourceTree = "<group>"; };
		363DF9892684E6BA00C92E4B /* Info.plist */ = {isa = PBXFileReference; lastKnownFileType = text.plist.xml; path = Info.plist; sourceTree = "<group>"; };
		363DF98E2684E6BA00C92E4B /* GoCompostUITests.xctest */ = {isa = PBXFileReference; explicitFileType = wrapper.cfbundle; includeInIndex = 0; path = GoCompostUITests.xctest; sourceTree = BUILT_PRODUCTS_DIR; };
		363DF9922684E6BA00C92E4B /* GoCompostUITests.swift */ = {isa = PBXFileReference; lastKnownFileType = sourcecode.swift; path = GoCompostUITests.swift; sourceTree = "<group>"; };
		363DF9942684E6BA00C92E4B /* Info.plist */ = {isa = PBXFileReference; lastKnownFileType = text.plist.xml; path = Info.plist; sourceTree = "<group>"; };
/* End PBXFileReference section */

/* Begin PBXFrameworksBuildPhase section */
		363DF9672684E6B800C92E4B /* Frameworks */ = {
			isa = PBXFrameworksBuildPhase;
			buildActionMask = 2147483647;
			files = (
			);
			runOnlyForDeploymentPostprocessing = 0;
		};
		363DF9802684E6BA00C92E4B /* Frameworks */ = {
			isa = PBXFrameworksBuildPhase;
			buildActionMask = 2147483647;
			files = (
			);
			runOnlyForDeploymentPostprocessing = 0;
		};
		363DF98B2684E6BA00C92E4B /* Frameworks */ = {
			isa = PBXFrameworksBuildPhase;
			buildActionMask = 2147483647;
			files = (
			);
			runOnlyForDeploymentPostprocessing = 0;
		};
/* End PBXFrameworksBuildPhase section */

/* Begin PBXGroup section */
		363DF9612684E6B800C92E4B = {
			isa = PBXGroup;
			children = (
				363DF96C2684E6B800C92E4B /* GoCompost */,
				363DF9862684E6BA00C92E4B /* GoCompostTests */,
				363DF9912684E6BA00C92E4B /* GoCompostUITests */,
				363DF96B2684E6B800C92E4B /* Products */,
			);
			sourceTree = "<group>";
		};
		363DF96B2684E6B800C92E4B /* Products */ = {
			isa = PBXGroup;
			children = (
				363DF96A2684E6B800C92E4B /* GoCompost.app */,
				363DF9832684E6BA00C92E4B /* GoCompostTests.xctest */,
				363DF98E2684E6BA00C92E4B /* GoCompostUITests.xctest */,
			);
			name = Products;
			sourceTree = "<group>";
		};
		363DF96C2684E6B800C92E4B /* GoCompost */ = {
			isa = PBXGroup;
			children = (
				363DF96D2684E6B800C92E4B /* AppDelegate.swift */,
				363DF96F2684E6B800C92E4B /* SceneDelegate.swift */,
				363DF9712684E6B800C92E4B /* ViewController.swift */,
				363DF9732684E6B800C92E4B /* Main.storyboard */,
				363DF9792684E6B900C92E4B /* Assets.xcassets */,
				363DF97B2684E6B900C92E4B /* LaunchScreen.storyboard */,
				363DF97E2684E6B900C92E4B /* Info.plist */,
				363DF9762684E6B800C92E4B /* GoCompost.xcdatamodeld */,
			);
			path = GoCompost;
			sourceTree = "<group>";
		};
		363DF9862684E6BA00C92E4B /* GoCompostTests */ = {
			isa = PBXGroup;
			children = (
				363DF9872684E6BA00C92E4B /* GoCompostTests.swift */,
				363DF9892684E6BA00C92E4B /* Info.plist */,
			);
			path = GoCompostTests;
			sourceTree = "<group>";
		};
		363DF9912684E6BA00C92E4B /* GoCompostUITests */ = {
			isa = PBXGroup;
			children = (
				363DF9922684E6BA00C92E4B /* GoCompostUITests.swift */,
				363DF9942684E6BA00C92E4B /* Info.plist */,
			);
			path = GoCompostUITests;
			sourceTree = "<group>";
		};
/* End PBXGroup section */

/* Begin PBXNativeTarget section */
		363DF9692684E6B800C92E4B /* GoCompost */ = {
			isa = PBXNativeTarget;
			buildConfigurationList = 363DF9972684E6BA00C92E4B /* Build configuration list for PBXNativeTarget "GoCompost" */;
			buildPhases = (
				363DF9662684E6B800C92E4B /* Sources */,
				363DF9672684E6B800C92E4B /* Frameworks */,
				363DF9682684E6B800C92E4B /* Resources */,
			);
			buildRules = (
			);
			dependencies = (
			);
			name = GoCompost;
			productName = GoCompost;
			productReference = 363DF96A2684E6B800C92E4B /* GoCompost.app */;
			productType = "com.apple.product-type.application";
		};
		363DF9822684E6BA00C92E4B /* GoCompostTests */ = {
			isa = PBXNativeTarget;
			buildConfigurationList = 363DF99A2684E6BA00C92E4B /* Build configuration list for PBXNativeTarget "GoCompostTests" */;
			buildPhases = (
				363DF97F2684E6BA00C92E4B /* Sources */,
				363DF9802684E6BA00C92E4B /* Frameworks */,
				363DF9812684E6BA00C92E4B /* Resources */,
			);
			buildRules = (
			);
			dependencies = (
				363DF9852684E6BA00C92E4B /* PBXTargetDependency */,
			);
			name = GoCompostTests;
			productName = GoCompostTests;
			productReference = 363DF9832684E6BA00C92E4B /* GoCompostTests.xctest */;
			productType = "com.apple.product-type.bundle.unit-test";
		};
		363DF98D2684E6BA00C92E4B /* GoCompostUITests */ = {
			isa = PBXNativeTarget;
			buildConfigurationList = 363DF99D2684E6BA00C92E4B /* Build configuration list for PBXNativeTarget "GoCompostUITests" */;
			buildPhases = (
				363DF98A2684E6BA00C92E4B /* Sources */,
				363DF98B2684E6BA00C92E4B /* Frameworks */,
				363DF98C2684E6BA00C92E4B /* Resources */,
			);
			buildRules = (
			);
			dependencies = (
				363DF9902684E6BA00C92E4B /* PBXTargetDependency */,
			);
			name = GoCompostUITests;
			productName = GoCompostUITests;
			productReference = 363DF98E2684E6BA00C92E4B /* GoCompostUITests.xctest */;
			productType = "com.apple.product-type.bundle.ui-testing";
		};
/* End PBXNativeTarget section */

/* Begin PBXProject section */
		363DF9622684E6B800C92E4B /* Project object */ = {
			isa = PBXProject;
			attributes = {
				LastSwiftUpdateCheck = 1240;
				LastUpgradeCheck = 1240;
				TargetAttributes = {
					363DF9692684E6B800C92E4B = {
						CreatedOnToolsVersion = 12.4;
					};
					363DF9822684E6BA00C92E4B = {
						CreatedOnToolsVersion = 12.4;
						TestTargetID = 363DF9692684E6B800C92E4B;
					};
					363DF98D2684E6BA00C92E4B = {
						CreatedOnToolsVersion = 12.4;
						TestTargetID = 363DF9692684E6B800C92E4B;
					};
				};
			};
			buildConfigurationList = 363DF9652684E6B800C92E4B /* Build configuration list for PBXProject "GoCompost" */;
			compatibilityVersion = "Xcode 9.3";
			developmentRegion = en;
			hasScannedForEncodings = 0;
			knownRegions = (
				en,
				Base,
			);
			mainGroup = 363DF9612684E6B800C92E4B;
			productRefGroup = 363DF96B2684E6B800C92E4B /* Products */;
			projectDirPath = "";
			projectRoot = "";
			targets = (
				363DF9692684E6B800C92E4B /* GoCompost */,
				363DF9822684E6BA00C92E4B /* GoCompostTests */,
				363DF98D2684E6BA00C92E4B /* GoCompostUITests */,
			);
		};
/* End PBXProject section */

/* Begin PBXResourcesBuildPhase section */
		363DF9682684E6B800C92E4B /* Resources */ = {
			isa = PBXResourcesBuildPhase;
			buildActionMask = 2147483647;
			files = (
				363DF97D2684E6B900C92E4B /* LaunchScreen.storyboard in Resources */,
				363DF97A2684E6B900C92E4B /* Assets.xcassets in Resources */,
				363DF9752684E6B800C92E4B /* Main.storyboard in Resources */,
			);
			runOnlyForDeploymentPostprocessing = 0;
		};
		363DF9812684E6BA00C92E4B /* Resources */ = {
			isa = PBXResourcesBuildPhase;
			buildActionMask = 2147483647;
			files = (
			);
			runOnlyForDeploymentPostprocessing = 0;
		};
		363DF98C2684E6BA00C92E4B /* Resources */ = {
			isa = PBXResourcesBuildPhase;
			buildActionMask = 2147483647;
			files = (
			);
			runOnlyForDeploymentPostprocessing = 0;
		};
/* End PBXResourcesBuildPhase section */

/* Begin PBXSourcesBuildPhase section */
		363DF9662684E6B800C92E4B /* Sources */ = {
			isa = PBXSourcesBuildPhase;
			buildActionMask = 2147483647;
			files = (
				363DF9722684E6B800C92E4B /* ViewController.swift in Sources */,
				363DF9782684E6B800C92E4B /* GoCompost.xcdatamodeld in Sources */,
				363DF96E2684E6B800C92E4B /* AppDelegate.swift in Sources */,
				363DF9702684E6B800C92E4B /* SceneDelegate.swift in Sources */,
			);
			runOnlyForDeploymentPostprocessing = 0;
		};
		363DF97F2684E6BA00C92E4B /* Sources */ = {
			isa = PBXSourcesBuildPhase;
			buildActionMask = 2147483647;
			files = (
				363DF9882684E6BA00C92E4B /* GoCompostTests.swift in Sources */,
			);
			runOnlyForDeploymentPostprocessing = 0;
		};
		363DF98A2684E6BA00C92E4B /* Sources */ = {
			isa = PBXSourcesBuildPhase;
			buildActionMask = 2147483647;
			files = (
				363DF9932684E6BA00C92E4B /* GoCompostUITests.swift in Sources */,
			);
			runOnlyForDeploymentPostprocessing = 0;
		};
/* End PBXSourcesBuildPhase section */

/* Begin PBXTargetDependency section */
		363DF9852684E6BA00C92E4B /* PBXTargetDependency */ = {
			isa = PBXTargetDependency;
			target = 363DF9692684E6B800C92E4B /* GoCompost */;
			targetProxy = 363DF9842684E6BA00C92E4B /* PBXContainerItemProxy */;
		};
		363DF9902684E6BA00C92E4B /* PBXTargetDependency */ = {
			isa = PBXTargetDependency;
			target = 363DF9692684E6B800C92E4B /* GoCompost */;
			targetProxy = 363DF98F2684E6BA00C92E4B /* PBXContainerItemProxy */;
		};
/* End PBXTargetDependency section */

/* Begin PBXVariantGroup section */
		363DF9732684E6B800C92E4B /* Main.storyboard */ = {
			isa = PBXVariantGroup;
			children = (
				363DF9742684E6B800C92E4B /* Base */,
			);
			name = Main.storyboard;
			sourceTree = "<group>";
		};
		363DF97B2684E6B900C92E4B /* LaunchScreen.storyboard */ = {
			isa = PBXVariantGroup;
			children = (
				363DF97C2684E6B900C92E4B /* Base */,
			);
			name = LaunchScreen.storyboard;
			sourceTree = "<group>";
		};
/* End PBXVariantGroup section */

/* Begin XCBuildConfiguration section */
		363DF9952684E6BA00C92E4B /* Debug */ = {
			isa = XCBuildConfiguration;
			buildSettings = {
				ALWAYS_SEARCH_USER_PATHS = NO;
				CLANG_ANALYZER_NONNULL = YES;
				CLANG_ANALYZER_NUMBER_OBJECT_CONVERSION = YES_AGGRESSIVE;
				CLANG_CXX_LANGUAGE_STANDARD = "gnu++14";
				CLANG_CXX_LIBRARY = "libc++";
				CLANG_ENABLE_MODULES = YES;
				CLANG_ENABLE_OBJC_ARC = YES;
				CLANG_ENABLE_OBJC_WEAK = YES;
				CLANG_WARN_BLOCK_CAPTURE_AUTORELEASING = YES;
				CLANG_WARN_BOOL_CONVERSION = YES;
				CLANG_WARN_COMMA = YES;
				CLANG_WARN_CONSTANT_CONVERSION = YES;
				CLANG_WARN_DEPRECATED_OBJC_IMPLEMENTATIONS = YES;
				CLANG_WARN_DIRECT_OBJC_ISA_USAGE = YES_ERROR;
				CLANG_WARN_DOCUMENTATION_COMMENTS = YES;
				CLANG_WARN_EMPTY_BODY = YES;
				CLANG_WARN_ENUM_CONVERSION = YES;
				CLANG_WARN_INFINITE_RECURSION = YES;
				CLANG_WARN_INT_CONVERSION = YES;
				CLANG_WARN_NON_LITERAL_NULL_CONVERSION = YES;
				CLANG_WARN_OBJC_IMPLICIT_RETAIN_SELF = YES;
				CLANG_WARN_OBJC_LITERAL_CONVERSION = YES;
				CLANG_WARN_OBJC_ROOT_CLASS = YES_ERROR;
				CLANG_WARN_QUOTED_INCLUDE_IN_FRAMEWORK_HEADER = YES;
				CLANG_WARN_RANGE_LOOP_ANALYSIS = YES;
				CLANG_WARN_STRICT_PROTOTYPES = YES;
				CLANG_WARN_SUSPICIOUS_MOVE = YES;
				CLANG_WARN_UNGUARDED_AVAILABILITY = YES_AGGRESSIVE;
				CLANG_WARN_UNREACHABLE_CODE = YES;
				CLANG_WARN__DUPLICATE_METHOD_MATCH = YES;
				COPY_PHASE_STRIP = NO;
				DEBUG_INFORMATION_FORMAT = dwarf;
				ENABLE_STRICT_OBJC_MSGSEND = YES;
				ENABLE_TESTABILITY = YES;
				GCC_C_LANGUAGE_STANDARD = gnu11;
				GCC_DYNAMIC_NO_PIC = NO;
				GCC_NO_COMMON_BLOCKS = YES;
				GCC_OPTIMIZATION_LEVEL = 0;
				GCC_PREPROCESSOR_DEFINITIONS = (
					"DEBUG=1",
					"$(inherited)",
				);
				GCC_WARN_64_TO_32_BIT_CONVERSION = YES;
				GCC_WARN_ABOUT_RETURN_TYPE = YES_ERROR;
				GCC_WARN_UNDECLARED_SELECTOR = YES;
				GCC_WARN_UNINITIALIZED_AUTOS = YES_AGGRESSIVE;
				GCC_WARN_UNUSED_FUNCTION = YES;
				GCC_WARN_UNUSED_VARIABLE = YES;
				IPHONEOS_DEPLOYMENT_TARGET = 14.4;
				MTL_ENABLE_DEBUG_INFO = INCLUDE_SOURCE;
				MTL_FAST_MATH = YES;
				ONLY_ACTIVE_ARCH = YES;
				SDKROOT = iphoneos;
				SWIFT_ACTIVE_COMPILATION_CONDITIONS = DEBUG;
				SWIFT_OPTIMIZATION_LEVEL = "-Onone";
			};
			name = Debug;
		};
		363DF9962684E6BA00C92E4B /* Release */ = {
			isa = XCBuildConfiguration;
			buildSettings = {
				ALWAYS_SEARCH_USER_PATHS = NO;
				CLANG_ANALYZER_NONNULL = YES;
				CLANG_ANALYZER_NUMBER_OBJECT_CONVERSION = YES_AGGRESSIVE;
				CLANG_CXX_LANGUAGE_STANDARD = "gnu++14";
				CLANG_CXX_LIBRARY = "libc++";
				CLANG_ENABLE_MODULES = YES;
				CLANG_ENABLE_OBJC_ARC = YES;
				CLANG_ENABLE_OBJC_WEAK = YES;
				CLANG_WARN_BLOCK_CAPTURE_AUTORELEASING = YES;
				CLANG_WARN_BOOL_CONVERSION = YES;
				CLANG_WARN_COMMA = YES;
				CLANG_WARN_CONSTANT_CONVERSION = YES;
				CLANG_WARN_DEPRECATED_OBJC_IMPLEMENTATIONS = YES;
				CLANG_WARN_DIRECT_OBJC_ISA_USAGE = YES_ERROR;
				CLANG_WARN_DOCUMENTATION_COMMENTS = YES;
				CLANG_WARN_EMPTY_BODY = YES;
				CLANG_WARN_ENUM_CONVERSION = YES;
				CLANG_WARN_INFINITE_RECURSION = YES;
				CLANG_WARN_INT_CONVERSION = YES;
				CLANG_WARN_NON_LITERAL_NULL_CONVERSION = YES;
				CLANG_WARN_OBJC_IMPLICIT_RETAIN_SELF = YES;
				CLANG_WARN_OBJC_LITERAL_CONVERSION = YES;
				CLANG_WARN_OBJC_ROOT_CLASS = YES_ERROR;
				CLANG_WARN_QUOTED_INCLUDE_IN_FRAMEWORK_HEADER = YES;
				CLANG_WARN_RANGE_LOOP_ANALYSIS = YES;
				CLANG_WARN_STRICT_PROTOTYPES = YES;
				CLANG_WARN_SUSPICIOUS_MOVE = YES;
				CLANG_WARN_UNGUARDED_AVAILABILITY = YES_AGGRESSIVE;
				CLANG_WARN_UNREACHABLE_CODE = YES;
				CLANG_WARN__DUPLICATE_METHOD_MATCH = YES;
				COPY_PHASE_STRIP = NO;
				DEBUG_INFORMATION_FORMAT = "dwarf-with-dsym";
				ENABLE_NS_ASSERTIONS = NO;
				ENABLE_STRICT_OBJC_MSGSEND = YES;
				GCC_C_LANGUAGE_STANDARD = gnu11;
				GCC_NO_COMMON_BLOCKS = YES;
				GCC_WARN_64_TO_32_BIT_CONVERSION = YES;
				GCC_WARN_ABOUT_RETURN_TYPE = YES_ERROR;
				GCC_WARN_UNDECLARED_SELECTOR = YES;
				GCC_WARN_UNINITIALIZED_AUTOS = YES_AGGRESSIVE;
				GCC_WARN_UNUSED_FUNCTION = YES;
				GCC_WARN_UNUSED_VARIABLE = YES;
				IPHONEOS_DEPLOYMENT_TARGET = 14.4;
				MTL_ENABLE_DEBUG_INFO = NO;
				MTL_FAST_MATH = YES;
				SDKROOT = iphoneos;
				SWIFT_COMPILATION_MODE = wholemodule;
				SWIFT_OPTIMIZATION_LEVEL = "-O";
				VALIDATE_PRODUCT = YES;
			};
			name = Release;
		};
		363DF9982684E6BA00C92E4B /* Debug */ = {
			isa = XCBuildConfiguration;
			buildSettings = {
				ASSETCATALOG_COMPILER_APPICON_NAME = AppIcon;
				ASSETCATALOG_COMPILER_GLOBAL_ACCENT_COLOR_NAME = AccentColor;
				CODE_SIGN_STYLE = Automatic;
				DEVELOPMENT_TEAM = 58DZ9KZFZM;
				INFOPLIST_FILE = GoCompost/Info.plist;
				LD_RUNPATH_SEARCH_PATHS = (
					"$(inherited)",
					"@executable_path/Frameworks",
				);
				PRODUCT_BUNDLE_IDENTIFIER = a.GoCompost;
				PRODUCT_NAME = "$(TARGET_NAME)";
				SWIFT_VERSION = 5.0;
				TARGETED_DEVICE_FAMILY = "1,2";
			};
			name = Debug;
		};
		363DF9992684E6BA00C92E4B /* Release */ = {
			isa = XCBuildConfiguration;
			buildSettings = {
				ASSETCATALOG_COMPILER_APPICON_NAME = AppIcon;
				ASSETCATALOG_COMPILER_GLOBAL_ACCENT_COLOR_NAME = AccentColor;
				CODE_SIGN_STYLE = Automatic;
				DEVELOPMENT_TEAM = 58DZ9KZFZM;
				INFOPLIST_FILE = GoCompost/Info.plist;
				LD_RUNPATH_SEARCH_PATHS = (
					"$(inherited)",
					"@executable_path/Frameworks",
				);
				PRODUCT_BUNDLE_IDENTIFIER = a.GoCompost;
				PRODUCT_NAME = "$(TARGET_NAME)";
				SWIFT_VERSION = 5.0;
				TARGETED_DEVICE_FAMILY = "1,2";
			};
			name = Release;
		};
		363DF99B2684E6BA00C92E4B /* Debug */ = {
			isa = XCBuildConfiguration;
			buildSettings = {
				ALWAYS_EMBED_SWIFT_STANDARD_LIBRARIES = YES;
				BUNDLE_LOADER = "$(TEST_HOST)";
				CODE_SIGN_STYLE = Automatic;
				DEVELOPMENT_TEAM = 58DZ9KZFZM;
				INFOPLIST_FILE = GoCompostTests/Info.plist;
				IPHONEOS_DEPLOYMENT_TARGET = 14.4;
				LD_RUNPATH_SEARCH_PATHS = (
					"$(inherited)",
					"@executable_path/Frameworks",
					"@loader_path/Frameworks",
				);
				PRODUCT_BUNDLE_IDENTIFIER = a.GoCompostTests;
				PRODUCT_NAME = "$(TARGET_NAME)";
				SWIFT_VERSION = 5.0;
				TARGETED_DEVICE_FAMILY = "1,2";
				TEST_HOST = "$(BUILT_PRODUCTS_DIR)/GoCompost.app/GoCompost";
			};
			name = Debug;
		};
		363DF99C2684E6BA00C92E4B /* Release */ = {
			isa = XCBuildConfiguration;
			buildSettings = {
				ALWAYS_EMBED_SWIFT_STANDARD_LIBRARIES = YES;
				BUNDLE_LOADER = "$(TEST_HOST)";
				CODE_SIGN_STYLE = Automatic;
				DEVELOPMENT_TEAM = 58DZ9KZFZM;
				INFOPLIST_FILE = GoCompostTests/Info.plist;
				IPHONEOS_DEPLOYMENT_TARGET = 14.4;
				LD_RUNPATH_SEARCH_PATHS = (
					"$(inherited)",
					"@executable_path/Frameworks",
					"@loader_path/Frameworks",
				);
				PRODUCT_BUNDLE_IDENTIFIER = a.GoCompostTests;
				PRODUCT_NAME = "$(TARGET_NAME)";
				SWIFT_VERSION = 5.0;
				TARGETED_DEVICE_FAMILY = "1,2";
				TEST_HOST = "$(BUILT_PRODUCTS_DIR)/GoCompost.app/GoCompost";
			};
			name = Release;
		};
		363DF99E2684E6BA00C92E4B /* Debug */ = {
			isa = XCBuildConfiguration;
			buildSettings = {
				ALWAYS_EMBED_SWIFT_STANDARD_LIBRARIES = YES;
				CODE_SIGN_STYLE = Automatic;
				DEVELOPMENT_TEAM = 58DZ9KZFZM;
				INFOPLIST_FILE = GoCompostUITests/Info.plist;
				LD_RUNPATH_SEARCH_PATHS = (
					"$(inherited)",
					"@executable_path/Frameworks",
					"@loader_path/Frameworks",
				);
				PRODUCT_BUNDLE_IDENTIFIER = a.GoCompostUITests;
				PRODUCT_NAME = "$(TARGET_NAME)";
				SWIFT_VERSION = 5.0;
				TARGETED_DEVICE_FAMILY = "1,2";
				TEST_TARGET_NAME = GoCompost;
			};
			name = Debug;
		};
		363DF99F2684E6BA00C92E4B /* Release */ = {
			isa = XCBuildConfiguration;
			buildSettings = {
				ALWAYS_EMBED_SWIFT_STANDARD_LIBRARIES = YES;
				CODE_SIGN_STYLE = Automatic;
				DEVELOPMENT_TEAM = 58DZ9KZFZM;
				INFOPLIST_FILE = GoCompostUITests/Info.plist;
				LD_RUNPATH_SEARCH_PATHS = (
					"$(inherited)",
					"@executable_path/Frameworks",
					"@loader_path/Frameworks",
				);
				PRODUCT_BUNDLE_IDENTIFIER = a.GoCompostUITests;
				PRODUCT_NAME = "$(TARGET_NAME)";
				SWIFT_VERSION = 5.0;
				TARGETED_DEVICE_FAMILY = "1,2";
				TEST_TARGET_NAME = GoCompost;
			};
			name = Release;
		};
/* End XCBuildConfiguration section */

/* Begin XCConfigurationList section */
		363DF9652684E6B800C92E4B /* Build configuration list for PBXProject "GoCompost" */ = {
			isa = XCConfigurationList;
			buildConfigurations = (
				363DF9952684E6BA00C92E4B /* Debug */,
				363DF9962684E6BA00C92E4B /* Release */,
			);
			defaultConfigurationIsVisible = 0;
			defaultConfigurationName = Release;
		};
		363DF9972684E6BA00C92E4B /* Build configuration list for PBXNativeTarget "GoCompost" */ = {
			isa = XCConfigurationList;
			buildConfigurations = (
				363DF9982684E6BA00C92E4B /* Debug */,
				363DF9992684E6BA00C92E4B /* Release */,
			);
			defaultConfigurationIsVisible = 0;
			defaultConfigurationName = Release;
		};
		363DF99A2684E6BA00C92E4B /* Build configuration list for PBXNativeTarget "GoCompostTests" */ = {
			isa = XCConfigurationList;
			buildConfigurations = (
				363DF99B2684E6BA00C92E4B /* Debug */,
				363DF99C2684E6BA00C92E4B /* Release */,
			);
			defaultConfigurationIsVisible = 0;
			defaultConfigurationName = Release;
		};
		363DF99D2684E6BA00C92E4B /* Build configuration list for PBXNativeTarget "GoCompostUITests" */ = {
			isa = XCConfigurationList;
			buildConfigurations = (
				363DF99E2684E6BA00C92E4B /* Debug */,
				363DF99F2684E6BA00C92E4B /* Release */,
			);
			defaultConfigurationIsVisible = 0;
			defaultConfigurationName = Release;
		};
/* End XCConfigurationList section */

/* Begin XCVersionGroup section */
		363DF9762684E6B800C92E4B /* GoCompost.xcdatamodeld */ = {
			isa = XCVersionGroup;
			children = (
				363DF9772684E6B800C92E4B /* GoCompost.xcdatamodel */,
			);
			currentVersion = 363DF9772684E6B800C92E4B /* GoCompost.xcdatamodel */;
			path = GoCompost.xcdatamodeld;
			sourceTree = "<group>";
			versionGroupType = wrapper.xcdatamodel;
		};
/* End XCVersionGroup section */
	};
	rootObject = 363DF9622684E6B800C92E4B /* Project object */;
}
